
Microsoft Visual Studio Solution File, Format Version 12.00
# Visual Studio Version 17
VisualStudioVersion = 17.10.35013.160
MinimumVisualStudioVersion = 10.0.40219.1
Project("{9A19103F-16F7-4668-BE54-9A1E7A4F7556}") = "SdxScope", "SdxScope\SdxScope.csproj", "{0F125324-7F80-4FE7-BE28-46145BD1473E}"
EndProject
Global
	GlobalSection(SolutionConfigurationPlatforms) = preSolution
		Debug|Any CPU = Debug|Any CPU
		Release|Any CPU = Release|Any CPU
	EndGlobalSection
	GlobalSection(ProjectConfigurationPlatforms) = postSolution
		{0F125324-7F80-4FE7-BE28-46145BD1473E}.Debug|Any CPU.ActiveCfg = Debug|Any CPU
		{0F125324-7F80-4FE7-BE28-46145BD1473E}.Debug|Any CPU.Build.0 = Debug|Any CPU
		{0F125324-7F80-4FE7-BE28-46145BD1473E}.Release|Any CPU.ActiveCfg = Release|Any CPU
		{0F125324-7F80-4FE7-BE28-46145BD1473E}.Release|Any CPU.Build.0 = Release|Any CPU
	EndGlobalSection
	GlobalSection(SolutionProperties) = preSolution
		HideSolutionNode = FALSE
	EndGlobalSection
	GlobalSection(ExtensibilityGlobals) = postSolution
		SolutionGuid = {14E3D8AF-38BA-4952-8F98-1339818D6BCC}
	EndGlobalSection
EndGlobal
